
Microsoft Visual Studio Solution File, Format Version 12.00
# Visual Studio 14
VisualStudioVersion = 14.0.25420.1
MinimumVisualStudioVersion = 10.0.40219.1
Project("{FAE04EC0-301F-11D3-BF4B-00C04F79EFBC}") = "eToolsSystem", "eToolsSystem\eToolsSystem.csproj", "{CBBF1642-F0DD-423E-BCB8-565ED7F01022}"
EndProject
Project("{FAE04EC0-301F-11D3-BF4B-00C04F79EFBC}") = "eToolsSystem.Data", "eToolsSystem.Data\eToolsSystem.Data.csproj", "{6BA27CEC-B2B6-42A4-99AD-241917A66CBE}"
EndProject
Project("{E24C65DC-7377-472B-9ABA-BC803B73C61A}") = "eToolsWebsite", "..\..\Visual Studio 2015\WebSites\eToolsWebsite\", "{59779646-A942-4771-B08C-CCD1A1385A30}"
	ProjectSection(WebsiteProperties) = preProject
		TargetFrameworkMoniker = ".NETFramework,Version%3Dv4.5.2"
		Debug.AspNetCompiler.VirtualPath = "/localhost_1958"
		Debug.AspNetCompiler.PhysicalPath = "..\..\Visual Studio 2015\WebSites\eToolsWebsite\"
		Debug.AspNetCompiler.TargetPath = "PrecompiledWeb\localhost_1958\"
		Debug.AspNetCompiler.Updateable = "true"
		Debug.AspNetCompiler.ForceOverwrite = "true"
		Debug.AspNetCompiler.FixedNames = "false"
		Debug.AspNetCompiler.Debug = "True"
		Release.AspNetCompiler.VirtualPath = "/localhost_1958"
		Release.AspNetCompiler.PhysicalPath = "..\..\Visual Studio 2015\WebSites\eToolsWebsite\"
		Release.AspNetCompiler.TargetPath = "PrecompiledWeb\localhost_1958\"
		Release.AspNetCompiler.Updateable = "true"
		Release.AspNetCompiler.ForceOverwrite = "true"
		Release.AspNetCompiler.FixedNames = "false"
		Release.AspNetCompiler.Debug = "False"
		VWDPort = "1958"
		DefaultWebSiteLanguage = "Visual C#"
	EndProjectSection
EndProject
Global
	GlobalSection(SolutionConfigurationPlatforms) = preSolution
		Debug|Any CPU = Debug|Any CPU
		Release|Any CPU = Release|Any CPU
	EndGlobalSection
	GlobalSection(ProjectConfigurationPlatforms) = postSolution
		{CBBF1642-F0DD-423E-BCB8-565ED7F01022}.Debug|Any CPU.ActiveCfg = Debug|Any CPU
		{CBBF1642-F0DD-423E-BCB8-565ED7F01022}.Debug|Any CPU.Build.0 = Debug|Any CPU
		{CBBF1642-F0DD-423E-BCB8-565ED7F01022}.Release|Any CPU.ActiveCfg = Release|Any CPU
		{CBBF1642-F0DD-423E-BCB8-565ED7F01022}.Release|Any CPU.Build.0 = Release|Any CPU
		{6BA27CEC-B2B6-42A4-99AD-241917A66CBE}.Debug|Any CPU.ActiveCfg = Debug|Any CPU
		{6BA27CEC-B2B6-42A4-99AD-241917A66CBE}.Debug|Any CPU.Build.0 = Debug|Any CPU
		{6BA27CEC-B2B6-42A4-99AD-241917A66CBE}.Release|Any CPU.ActiveCfg = Release|Any CPU
		{6BA27CEC-B2B6-42A4-99AD-241917A66CBE}.Release|Any CPU.Build.0 = Release|Any CPU
		{59779646-A942-4771-B08C-CCD1A1385A30}.Debug|Any CPU.ActiveCfg = Debug|Any CPU
		{59779646-A942-4771-B08C-CCD1A1385A30}.Debug|Any CPU.Build.0 = Debug|Any CPU
		{59779646-A942-4771-B08C-CCD1A1385A30}.Release|Any CPU.ActiveCfg = Debug|Any CPU
		{59779646-A942-4771-B08C-CCD1A1385A30}.Release|Any CPU.Build.0 = Debug|Any CPU
	EndGlobalSection
	GlobalSection(SolutionProperties) = preSolution
		HideSolutionNode = FALSE
	EndGlobalSection
EndGlobal
